<?xml version="1.0" encoding="utf-8"?>
<Project ToolsVersion="4.0" xmlns="http://schemas.microsoft.com/developer/msbuild/2003">
  <ItemGroup>
    <Filter Include="Source Files">
      <UniqueIdentifier>{4FC737F1-C7A5-4376-A066-2A32D752A2FF}</UniqueIdentifier>
      <Extensions>cpp;c;cc;cxx;c++;cppm;ixx;def;odl;idl;hpj;bat;asm;asmx</Extensions>
    </Filter>
    <Filter Include="Header Files">
      <UniqueIdentifier>{93995380-89BD-4b04-88EB-625FBE52EBFB}</UniqueIdentifier>
      <Extensions>h;hh;hpp;hxx;h++;hm;inl;inc;ipp;xsd</Extensions>
    </Filter>
    <Filter Include="Resource Files">
      <UniqueIdentifier>{67DA6AB6-F800-4c08-8B7A-83BB121AAD01}</UniqueIdentifier>
      <Extensions>rc;ico;cur;bmp;dlg;rc2;rct;bin;rgs;gif;jpg;jpeg;jpe;resx;tiff;tif;png;wav;mfcribbon-ms</Extensions>
    </Filter>
  </ItemGroup>
  <ItemGroup>
    <ClCompile Include="core\evo-core\main.cpp">
      <Filter>Source Files</Filter>
    </ClCompile>
    <ClCompile Include="core\thirdparty\imgui\imgui.cpp">
      <Filter>Source Files</Filter>
    </ClCompile>
    <ClCompile Include="core\thirdparty\imgui\imgui_draw.cpp">
      <Filter>Source Files</Filter>
    </ClCompile>
    <ClCompile Include="core\thirdparty\imgui\imgui_freetype.cpp">
      <Filter>Source Files</Filter>
    </ClCompile>
    <ClCompile Include="core\thirdparty\imgui\imgui_impl_dx9.cpp">
      <Filter>Source Files</Filter>
    </ClCompile>
    <ClCompile Include="core\thirdparty\imgui\imgui_impl_win32.cpp">
      <Filter>Source Files</Filter>
    </ClCompile>
    <ClCompile Include="core\thirdparty\imgui\imgui_tables.cpp">
      <Filter>Source Files</Filter>
    </ClCompile>
    <ClCompile Include="core\thirdparty\imgui\imgui_widgets.cpp">
      <Filter>Source Files</Filter>
    </ClCompile>
    <ClCompile Include="core\evo-sdk\render\render_system.cpp">
      <Filter>Source Files</Filter>
    </ClCompile>
    <ClCompile Include="core\evo-sdk\animation_system\animation_system.cpp">
      <Filter>Source Files</Filter>
    </ClCompile>
    <ClCompile Include="core\ui\menu\menu.cpp">
      <Filter>Source Files</Filter>
    </ClCompile>
    <ClCompile Include="core\ui\controls\window\window.cpp">
      <Filter>Source Files</Filter>
    </ClCompile>
    <ClCompile Include="core\ui\container\container.cpp">
      <Filter>Source Files</Filter>
    </ClCompile>
    <ClCompile Include="core\ui\controls\child\child.cpp">
      <Filter>Source Files</Filter>
    </ClCompile>
    <ClCompile Include="core\ui\controls\checkbox\checkbox.cpp">
      <Filter>Source Files</Filter>
    </ClCompile>
    <ClCompile Include="core\ui\controls\slider\slider.cpp">
      <Filter>Source Files</Filter>
    </ClCompile>
    <ClCompile Include="core\ui\controls\combo\combo.cpp">
      <Filter>Source Files</Filter>
    </ClCompile>
    <ClCompile Include="core\ui\controls\multicombo\multicombo.cpp">
      <Filter>Source Files</Filter>
    </ClCompile>
    <ClCompile Include="core\ui\controls\colorpicker\colorpicker.cpp">
      <Filter>Source Files</Filter>
    </ClCompile>
    <ClCompile Include="core\ui\controls\keybind\keybind.cpp">
      <Filter>Source Files</Filter>
    </ClCompile>
    <ClCompile Include="core\ui\controls\text\text.cpp">
      <Filter>Source Files</Filter>
    </ClCompile>
    <ClCompile Include="core\ui\controls\textinput\textinput.cpp">
      <Filter>Source Files</Filter>
    </ClCompile>
    <ClCompile Include="core\ui\controls\listbox\listbox.cpp">
      <Filter>Source Files</Filter>
    </ClCompile>
    <ClCompile Include="core\ui\controls\button\button.cpp">
      <Filter>Source Files</Filter>
    </ClCompile>
    <ClCompile Include="core\ui\controls\esp_preview\esp_preview.cpp">
      <Filter>Source Files</Filter>
    </ClCompile>
    <ClCompile Include="core\ui\controls\popup\popup.cpp">
      <Filter>Source Files</Filter>
    </ClCompile>
  </ItemGroup>
  <ItemGroup>
    <ClInclude Include="core\inc.hpp">
      <Filter>Header Files</Filter>
    </ClInclude>
    <ClInclude Include="core\thirdparty\imgui\imconfig.h">
      <Filter>Header Files</Filter>
    </ClInclude>
    <ClInclude Include="core\thirdparty\imgui\imgui.h">
      <Filter>Header Files</Filter>
    </ClInclude>
    <ClInclude Include="core\thirdparty\imgui\imgui_freetype.h">
      <Filter>Header Files</Filter>
    </ClInclude>
    <ClInclude Include="core\thirdparty\imgui\imgui_impl_dx9.h">
      <Filter>Header Files</Filter>
    </ClInclude>
    <ClInclude Include="core\thirdparty\imgui\imgui_impl_win32.h">
      <Filter>Header Files</Filter>
    </ClInclude>
    <ClInclude Include="core\thirdparty\imgui\imgui_internal.h">
      <Filter>Header Files</Filter>
    </ClInclude>
    <ClInclude Include="core\thirdparty\imgui\imstb_rectpack.h">
      <Filter>Header Files</Filter>
    </ClInclude>
    <ClInclude Include="core\thirdparty\imgui\imstb_textedit.h">
      <Filter>Header Files</Filter>
    </ClInclude>
    <ClInclude Include="core\thirdparty\imgui\imstb_truetype.h">
      <Filter>Header Files</Filter>
    </ClInclude>
    <ClInclude Include="core\evo-sdk\render\render_system.hpp">
      <Filter>Header Files</Filter>
    </ClInclude>
    <ClInclude Include="core\evo-sdk\sdk\sdk.hpp">
      <Filter>Header Files</Filter>
    </ClInclude>
    <ClInclude Include="core\evo-sdk\animation_system\animation_system.hpp">
      <Filter>Header Files</Filter>
    </ClInclude>
    <ClInclude Include="core\evo-sdk\input_system\input_system.hpp">
      <Filter>Header Files</Filter>
    </ClInclude>
    <ClInclude Include="core\ui\menu\menu.hpp">
      <Filter>Header Files</Filter>
    </ClInclude>
    <ClInclude Include="core\ui\controls\window\window.hpp">
      <Filter>Header Files</Filter>
    </ClInclude>
    <ClInclude Include="core\ui\container\container.hpp">
      <Filter>Header Files</Filter>
    </ClInclude>
    <ClInclude Include="core\evo-sdk\render\fonts.hpp">
      <Filter>Header Files</Filter>
    </ClInclude>
    <ClInclude Include="core\ui\controls\child\child.hpp">
      <Filter>Header Files</Filter>
    </ClInclude>
    <ClInclude Include="core\ui\controls\checkbox\checkbox.hpp">
      <Filter>Header Files</Filter>
    </ClInclude>
    <ClInclude Include="core\ui\controls\slider\slider.hpp">
      <Filter>Header Files</Filter>
    </ClInclude>
    <ClInclude Include="core\ui\controls\combo\combo.hpp">
      <Filter>Header Files</Filter>
    </ClInclude>
    <ClInclude Include="core\ui\controls\multicombo\multicombo.hpp">
      <Filter>Header Files</Filter>
    </ClInclude>
    <ClInclude Include="core\ui\controls\colorpicker\colorpicker.hpp">
      <Filter>Header Files</Filter>
    </ClInclude>
    <ClInclude Include="core\ui\controls\keybind\keybind.hpp">
      <Filter>Header Files</Filter>
    </ClInclude>
    <ClInclude Include="core\ui\controls\text\text.hpp">
      <Filter>Header Files</Filter>
    </ClInclude>
    <ClInclude Include="core\ui\controls\textinput\textinput.hpp">
      <Filter>Header Files</Filter>
    </ClInclude>
    <ClInclude Include="core\ui\controls\listbox\listbox.hpp">
      <Filter>Header Files</Filter>
    </ClInclude>
    <ClInclude Include="core\ui\controls\button\button.hpp">
      <Filter>Header Files</Filter>
    </ClInclude>
    <ClInclude Include="core\ui\controls\esp_preview\esp_preview.hpp">
      <Filter>Header Files</Filter>
    </ClInclude>
    <ClInclude Include="core\ui\controls\popup\popup.hpp">
      <Filter>Header Files</Filter>
    </ClInclude>
  </ItemGroup>
</Project>